dependencies:
  espressif/esp-nn:
    component_hash: b32869798bdb40dec6bc99caca48cd65d42f8a9f506b9ab9c598a076f891ede9
    source:
      pre_release: true
      service_url: https://api.components.espressif.com/
      type: service
    version: 1.0.2
  idf:
    component_hash: null
    source:
      type: idf
    version: 5.0.2
manifest_hash: b6e049c5f620a96a465e92ca14dcd390899e37d9fbcf2a297155366238ec49fd
target: esp32
version: 1.0.0
